
Microsoft Visual Studio Solution File, Format Version 12.00
# Visual Studio Version 16
VisualStudioVersion = 16.0.32802.440
MinimumVisualStudioVersion = 10.0.40219.1
Project("{FAE04EC0-301F-11D3-BF4B-00C04F79EFBC}") = "Activity 5", "Activity 5.csproj", "{AC0DC3BC-C844-432A-A8A6-F2907E4890B9}"
EndProject
Global
	GlobalSection(SolutionConfigurationPlatforms) = preSolution
		Debug|Any CPU = Debug|Any CPU
		Release|Any CPU = Release|Any CPU
	EndGlobalSection
	GlobalSection(ProjectConfigurationPlatforms) = postSolution
		{AC0DC3BC-C844-432A-A8A6-F2907E4890B9}.Debug|Any CPU.ActiveCfg = Debug|Any CPU
		{AC0DC3BC-C844-432A-A8A6-F2907E4890B9}.Debug|Any CPU.Build.0 = Debug|Any CPU
		{AC0DC3BC-C844-432A-A8A6-F2907E4890B9}.Release|Any CPU.ActiveCfg = Release|Any CPU
		{AC0DC3BC-C844-432A-A8A6-F2907E4890B9}.Release|Any CPU.Build.0 = Release|Any CPU
	EndGlobalSection
	GlobalSection(SolutionProperties) = preSolution
		HideSolutionNode = FALSE
	EndGlobalSection
	GlobalSection(ExtensibilityGlobals) = postSolution
		SolutionGuid = {B188F306-5D5C-40E2-96BC-9DB10A3D9A39}
	EndGlobalSection
EndGlobal
