
Microsoft Visual Studio Solution File, Format Version 12.00
# Visual Studio Version 16
VisualStudioVersion = 16.0.32802.440
MinimumVisualStudioVersion = 10.0.40219.1
Project("{FAE04EC0-301F-11D3-BF4B-00C04F79EFBC}") = "Activity13", "Activity13.csproj", "{46B30CDA-8DFF-4D3C-A86C-5CEE232B8F60}"
EndProject
Global
	GlobalSection(SolutionConfigurationPlatforms) = preSolution
		Debug|Any CPU = Debug|Any CPU
		Release|Any CPU = Release|Any CPU
	EndGlobalSection
	GlobalSection(ProjectConfigurationPlatforms) = postSolution
		{46B30CDA-8DFF-4D3C-A86C-5CEE232B8F60}.Debug|Any CPU.ActiveCfg = Debug|Any CPU
		{46B30CDA-8DFF-4D3C-A86C-5CEE232B8F60}.Debug|Any CPU.Build.0 = Debug|Any CPU
		{46B30CDA-8DFF-4D3C-A86C-5CEE232B8F60}.Release|Any CPU.ActiveCfg = Release|Any CPU
		{46B30CDA-8DFF-4D3C-A86C-5CEE232B8F60}.Release|Any CPU.Build.0 = Release|Any CPU
	EndGlobalSection
	GlobalSection(SolutionProperties) = preSolution
		HideSolutionNode = FALSE
	EndGlobalSection
	GlobalSection(ExtensibilityGlobals) = postSolution
		SolutionGuid = {3E603872-1AB1-4E56-BB19-EE85B452C0BD}
	EndGlobalSection
EndGlobal
