
Microsoft Visual Studio Solution File, Format Version 12.00
# Visual Studio Version 16
VisualStudioVersion = 16.0.32802.440
MinimumVisualStudioVersion = 10.0.40219.1
Project("{FAE04EC0-301F-11D3-BF4B-00C04F79EFBC}") = "Activity15", "Activity15.csproj", "{01892660-D126-4DAB-A6B0-F91391D7E1BD}"
EndProject
Global
	GlobalSection(SolutionConfigurationPlatforms) = preSolution
		Debug|Any CPU = Debug|Any CPU
		Release|Any CPU = Release|Any CPU
	EndGlobalSection
	GlobalSection(ProjectConfigurationPlatforms) = postSolution
		{01892660-D126-4DAB-A6B0-F91391D7E1BD}.Debug|Any CPU.ActiveCfg = Debug|Any CPU
		{01892660-D126-4DAB-A6B0-F91391D7E1BD}.Debug|Any CPU.Build.0 = Debug|Any CPU
		{01892660-D126-4DAB-A6B0-F91391D7E1BD}.Release|Any CPU.ActiveCfg = Release|Any CPU
		{01892660-D126-4DAB-A6B0-F91391D7E1BD}.Release|Any CPU.Build.0 = Release|Any CPU
	EndGlobalSection
	GlobalSection(SolutionProperties) = preSolution
		HideSolutionNode = FALSE
	EndGlobalSection
	GlobalSection(ExtensibilityGlobals) = postSolution
		SolutionGuid = {CFE137E6-0468-4ABA-9AF8-1E2F802140D0}
	EndGlobalSection
EndGlobal
