
Microsoft Visual Studio Solution File, Format Version 12.00
# Visual Studio Version 16
VisualStudioVersion = 16.0.32802.440
MinimumVisualStudioVersion = 10.0.40219.1
Project("{FAE04EC0-301F-11D3-BF4B-00C04F79EFBC}") = "Activity 10", "Activity 10.csproj", "{EF78A704-5CDB-40F4-8A68-56615D1127EF}"
EndProject
Global
	GlobalSection(SolutionConfigurationPlatforms) = preSolution
		Debug|Any CPU = Debug|Any CPU
		Release|Any CPU = Release|Any CPU
	EndGlobalSection
	GlobalSection(ProjectConfigurationPlatforms) = postSolution
		{EF78A704-5CDB-40F4-8A68-56615D1127EF}.Debug|Any CPU.ActiveCfg = Debug|Any CPU
		{EF78A704-5CDB-40F4-8A68-56615D1127EF}.Debug|Any CPU.Build.0 = Debug|Any CPU
		{EF78A704-5CDB-40F4-8A68-56615D1127EF}.Release|Any CPU.ActiveCfg = Release|Any CPU
		{EF78A704-5CDB-40F4-8A68-56615D1127EF}.Release|Any CPU.Build.0 = Release|Any CPU
	EndGlobalSection
	GlobalSection(SolutionProperties) = preSolution
		HideSolutionNode = FALSE
	EndGlobalSection
	GlobalSection(ExtensibilityGlobals) = postSolution
		SolutionGuid = {FF411232-647C-45F6-9DCF-E540D13EF1BC}
	EndGlobalSection
EndGlobal
