
Microsoft Visual Studio Solution File, Format Version 12.00
# Visual Studio Version 16
VisualStudioVersion = 16.0.32802.440
MinimumVisualStudioVersion = 10.0.40219.1
Project("{FAE04EC0-301F-11D3-BF4B-00C04F79EFBC}") = "Milestone 2", "Milestone 2.csproj", "{30EB2A9D-1F18-4141-B1DC-1112581015CC}"
EndProject
Global
	GlobalSection(SolutionConfigurationPlatforms) = preSolution
		Debug|Any CPU = Debug|Any CPU
		Release|Any CPU = Release|Any CPU
	EndGlobalSection
	GlobalSection(ProjectConfigurationPlatforms) = postSolution
		{30EB2A9D-1F18-4141-B1DC-1112581015CC}.Debug|Any CPU.ActiveCfg = Debug|Any CPU
		{30EB2A9D-1F18-4141-B1DC-1112581015CC}.Debug|Any CPU.Build.0 = Debug|Any CPU
		{30EB2A9D-1F18-4141-B1DC-1112581015CC}.Release|Any CPU.ActiveCfg = Release|Any CPU
		{30EB2A9D-1F18-4141-B1DC-1112581015CC}.Release|Any CPU.Build.0 = Release|Any CPU
	EndGlobalSection
	GlobalSection(SolutionProperties) = preSolution
		HideSolutionNode = FALSE
	EndGlobalSection
	GlobalSection(ExtensibilityGlobals) = postSolution
		SolutionGuid = {66EF1168-7037-4DDF-B1EA-A1714D91E13F}
	EndGlobalSection
EndGlobal
